
Microsoft Visual Studio Solution File, Format Version 12.00
# Visual Studio Version 16
VisualStudioVersion = 16.0.29326.143
MinimumVisualStudioVersion = 10.0.40219.1
Project("{8BC9CEB8-8B4A-11D0-8D11-00A0C91BC942}") = "Lib", "Lib.vcxproj", "{F5FCA596-3CAE-4C74-9F12-8B274123A52C}"
EndProject
Global
	GlobalSection(SolutionConfigurationPlatforms) = preSolution
		Debug|x64 = Debug|x64
		Debug|x86 = Debug|x86
		Release|x64 = Release|x64
		Release|x86 = Release|x86
	EndGlobalSection
	GlobalSection(ProjectConfigurationPlatforms) = postSolution
		{F5FCA596-3CAE-4C74-9F12-8B274123A52C}.Debug|x64.ActiveCfg = Debug|x64
		{F5FCA596-3CAE-4C74-9F12-8B274123A52C}.Debug|x64.Build.0 = Debug|x64
		{F5FCA596-3CAE-4C74-9F12-8B274123A52C}.Debug|x86.ActiveCfg = Debug|Win32
		{F5FCA596-3CAE-4C74-9F12-8B274123A52C}.Debug|x86.Build.0 = Debug|Win32
		{F5FCA596-3CAE-4C74-9F12-8B274123A52C}.Release|x64.ActiveCfg = Release|x64
		{F5FCA596-3CAE-4C74-9F12-8B274123A52C}.Release|x64.Build.0 = Release|x64
		{F5FCA596-3CAE-4C74-9F12-8B274123A52C}.Release|x86.ActiveCfg = Release|Win32
		{F5FCA596-3CAE-4C74-9F12-8B274123A52C}.Release|x86.Build.0 = Release|Win32
	EndGlobalSection
	GlobalSection(SolutionProperties) = preSolution
		HideSolutionNode = FALSE
	EndGlobalSection
	GlobalSection(ExtensibilityGlobals) = postSolution
		SolutionGuid = {DF466D5A-2F6A-4EC4-84B4-C84CA7C666D8}
	EndGlobalSection
EndGlobal
